<?xml version="1.0" encoding="UTF-8" standalone="yes" ?>
<CodeBlocks_project_file>
	<FileVersion major="1" minor="6" />
	<Project>
		<Option title="sunpos++" />
		<Option pch_mode="2" />
		<Option compiler="gcc" />
		<Build>
			<Target title="Debug">
				<Option output="bin/debug/sunpos" prefix_auto="1" extension_auto="1" />
				<Option object_output="obj/debug/" />
				<Option type="1" />
				<Option compiler="gcc" />
				<Option parameters="51.340333 12.374750" />
				<Option projectLinkerOptionsRelation="2" />
				<Compiler>
					<Add option="-g" />
					<Add option="-fsanitize=address" />
					<Add option="-fsanitize=leak" />
					<Add option="-fsanitize=undefined" />
				</Compiler>
				<Linker>
					<Add option="-lasan" />
					<Add option="-lubsan" />
				</Linker>
			</Target>
			<Target title="Release">
				<Option output="bin/release/sunpos" prefix_auto="1" extension_auto="1" />
				<Option object_output="obj/release/" />
				<Option type="1" />
				<Option compiler="gcc" />
				<Option projectLinkerOptionsRelation="2" />
				<Compiler>
					<Add option="-O3" />
					<Add option="-DNDEBUG" />
					<Add option="-DSP_FLOATING_POINT_TYPE=double" />
				</Compiler>
				<Linker>
					<Add option="-s" />
				</Linker>
			</Target>
		</Build>
		<Compiler>
			<Add option="-Wall" />
			<Add option="-std=c++23" />
		</Compiler>
		<Unit filename="main.cpp" />
		<Unit filename="sunpos.cpp" />
		<Unit filename="sunpos.h" />
		<Extensions>
			<lib_finder disable_auto="1" />
		</Extensions>
	</Project>
</CodeBlocks_project_file>
